
Microsoft Visual Studio Solution File, Format Version 12.00
# Visual Studio 14
VisualStudioVersion = 14.0.24720.0
MinimumVisualStudioVersion = 10.0.40219.1
Project("{FAE04EC0-301F-11D3-BF4B-00C04F79EFBC}") = "PropertyManagament", "PropertyManagament\PropertyManagament.csproj", "{6CE89460-E138-46F8-9CB9-D99F458592B4}"
EndProject
Project("{FAE04EC0-301F-11D3-BF4B-00C04F79EFBC}") = "PropertyManagamentDatabase", "PropertyManagamentDatabase\PropertyManagamentDatabase.csproj", "{2E50741F-E8E4-40BA-8FDF-6EB84B365E46}"
EndProject
Project("{FAE04EC0-301F-11D3-BF4B-00C04F79EFBC}") = "PropertyManagamentTypes", "PropertyManagametTypes\PropertyManagamentTypes.csproj", "{15D367E0-0653-4DD3-8F92-53557A13AD67}"
EndProject
Global
	GlobalSection(SolutionConfigurationPlatforms) = preSolution
		Debug|Any CPU = Debug|Any CPU
		Release|Any CPU = Release|Any CPU
	EndGlobalSection
	GlobalSection(ProjectConfigurationPlatforms) = postSolution
		{6CE89460-E138-46F8-9CB9-D99F458592B4}.Debug|Any CPU.ActiveCfg = Debug|Any CPU
		{6CE89460-E138-46F8-9CB9-D99F458592B4}.Debug|Any CPU.Build.0 = Debug|Any CPU
		{6CE89460-E138-46F8-9CB9-D99F458592B4}.Release|Any CPU.ActiveCfg = Release|Any CPU
		{6CE89460-E138-46F8-9CB9-D99F458592B4}.Release|Any CPU.Build.0 = Release|Any CPU
		{2E50741F-E8E4-40BA-8FDF-6EB84B365E46}.Debug|Any CPU.ActiveCfg = Debug|Any CPU
		{2E50741F-E8E4-40BA-8FDF-6EB84B365E46}.Debug|Any CPU.Build.0 = Debug|Any CPU
		{2E50741F-E8E4-40BA-8FDF-6EB84B365E46}.Release|Any CPU.ActiveCfg = Release|Any CPU
		{2E50741F-E8E4-40BA-8FDF-6EB84B365E46}.Release|Any CPU.Build.0 = Release|Any CPU
		{15D367E0-0653-4DD3-8F92-53557A13AD67}.Debug|Any CPU.ActiveCfg = Debug|Any CPU
		{15D367E0-0653-4DD3-8F92-53557A13AD67}.Debug|Any CPU.Build.0 = Debug|Any CPU
		{15D367E0-0653-4DD3-8F92-53557A13AD67}.Release|Any CPU.ActiveCfg = Release|Any CPU
		{15D367E0-0653-4DD3-8F92-53557A13AD67}.Release|Any CPU.Build.0 = Release|Any CPU
	EndGlobalSection
	GlobalSection(SolutionProperties) = preSolution
		HideSolutionNode = FALSE
	EndGlobalSection
EndGlobal
